
Microsoft Visual Studio Solution File, Format Version 12.00
# Visual Studio 2012
Project("{FAE04EC0-301F-11D3-BF4B-00C04F79EFBC}") = "CG_MapOverlayDll", "CG_MapOverlayDll\CG_MapOverlayDll.csproj", "{A05B9939-1521-45DB-B226-D94EAD4323BD}"
EndProject
Project("{FAE04EC0-301F-11D3-BF4B-00C04F79EFBC}") = "CG_MapOverlayForm", "CG_MapOverlayForm\CG_MapOverlayForm.csproj", "{65768502-2F52-4D1C-9CCC-C679940859D1}"
EndProject
Project("{FAE04EC0-301F-11D3-BF4B-00C04F79EFBC}") = "CG_MapOverlayConsole", "CG_MapOverlayConsole\CG_MapOverlayConsole.csproj", "{BB2629D1-DBB2-45E5-A113-7B3F09C8B39C}"
EndProject
Global
	GlobalSection(SolutionConfigurationPlatforms) = preSolution
		Debug|Any CPU = Debug|Any CPU
		Release|Any CPU = Release|Any CPU
	EndGlobalSection
	GlobalSection(ProjectConfigurationPlatforms) = postSolution
		{A05B9939-1521-45DB-B226-D94EAD4323BD}.Debug|Any CPU.ActiveCfg = Debug|Any CPU
		{A05B9939-1521-45DB-B226-D94EAD4323BD}.Debug|Any CPU.Build.0 = Debug|Any CPU
		{A05B9939-1521-45DB-B226-D94EAD4323BD}.Release|Any CPU.ActiveCfg = Release|Any CPU
		{A05B9939-1521-45DB-B226-D94EAD4323BD}.Release|Any CPU.Build.0 = Release|Any CPU
		{65768502-2F52-4D1C-9CCC-C679940859D1}.Debug|Any CPU.ActiveCfg = Debug|Any CPU
		{65768502-2F52-4D1C-9CCC-C679940859D1}.Debug|Any CPU.Build.0 = Debug|Any CPU
		{65768502-2F52-4D1C-9CCC-C679940859D1}.Release|Any CPU.ActiveCfg = Release|Any CPU
		{65768502-2F52-4D1C-9CCC-C679940859D1}.Release|Any CPU.Build.0 = Release|Any CPU
		{BB2629D1-DBB2-45E5-A113-7B3F09C8B39C}.Debug|Any CPU.ActiveCfg = Debug|Any CPU
		{BB2629D1-DBB2-45E5-A113-7B3F09C8B39C}.Debug|Any CPU.Build.0 = Debug|Any CPU
		{BB2629D1-DBB2-45E5-A113-7B3F09C8B39C}.Release|Any CPU.ActiveCfg = Release|Any CPU
		{BB2629D1-DBB2-45E5-A113-7B3F09C8B39C}.Release|Any CPU.Build.0 = Release|Any CPU
	EndGlobalSection
	GlobalSection(SolutionProperties) = preSolution
		HideSolutionNode = FALSE
	EndGlobalSection
EndGlobal
