
Microsoft Visual Studio Solution File, Format Version 12.00
# Visual Studio 2012
Project("{FAE04EC0-301F-11D3-BF4B-00C04F79EFBC}") = "CG_IntersectHalfplanesDll", "CG_IntersectHalfplanesDll\CG_IntersectHalfplanesDll.csproj", "{6973BA71-C860-4B5B-A98B-30548BA2BB26}"
EndProject
Project("{FAE04EC0-301F-11D3-BF4B-00C04F79EFBC}") = "CG_IntersectHalfplanes", "CG_IntersectHalfplanes\CG_IntersectHalfplanes.csproj", "{6231DFDE-AA32-4BF4-BF6D-48E2A488AF98}"
EndProject
Global
	GlobalSection(SolutionConfigurationPlatforms) = preSolution
		Debug|Any CPU = Debug|Any CPU
		Release|Any CPU = Release|Any CPU
	EndGlobalSection
	GlobalSection(ProjectConfigurationPlatforms) = postSolution
		{6973BA71-C860-4B5B-A98B-30548BA2BB26}.Debug|Any CPU.ActiveCfg = Debug|Any CPU
		{6973BA71-C860-4B5B-A98B-30548BA2BB26}.Debug|Any CPU.Build.0 = Debug|Any CPU
		{6973BA71-C860-4B5B-A98B-30548BA2BB26}.Release|Any CPU.ActiveCfg = Release|Any CPU
		{6973BA71-C860-4B5B-A98B-30548BA2BB26}.Release|Any CPU.Build.0 = Release|Any CPU
		{6231DFDE-AA32-4BF4-BF6D-48E2A488AF98}.Debug|Any CPU.ActiveCfg = Debug|Any CPU
		{6231DFDE-AA32-4BF4-BF6D-48E2A488AF98}.Debug|Any CPU.Build.0 = Debug|Any CPU
		{6231DFDE-AA32-4BF4-BF6D-48E2A488AF98}.Release|Any CPU.ActiveCfg = Release|Any CPU
		{6231DFDE-AA32-4BF4-BF6D-48E2A488AF98}.Release|Any CPU.Build.0 = Release|Any CPU
	EndGlobalSection
	GlobalSection(SolutionProperties) = preSolution
		HideSolutionNode = FALSE
	EndGlobalSection
EndGlobal
